# THIS IS AN AUTOGENERATED FILE. DO NOT EDIT THIS FILE DIRECTLY.
# yarn lockfile v1


"@babel/runtime@^7.15.3", "@babel/runtime@^7.15.4":
  version "7.15.4"
  resolved "https://registry.yarnpkg.com/@babel/runtime/-/runtime-7.15.4.tgz#fd17d16bfdf878e6dd02d19753a39fa8a8d9c84a"
  integrity sha512-99catp6bHCaxr4sJ/DbTGgHS4+Rs2RVd2g7iOap6SLGPDknRK9ztKNsE/Fg6QhSeh1FGE5f6gHGQmvvn3I3xhw==
  dependencies:
    regenerator-runtime "^0.13.4"

"@polkadot/api-derive@6.3.1":
  version "6.3.1"
  resolved "https://registry.yarnpkg.com/@polkadot/api-derive/-/api-derive-6.3.1.tgz#88618243e15f82368256c7f8d068a4539f9327a3"
  integrity sha512-SjE/ntziGzTcC/q+rx8HOGrCPFXGCLO9ZjoNrc+otEq9jikrMtY3pDbIyCCnnutHmx7se46e/thPungjV/wccg==
  dependencies:
    "@babel/runtime" "^7.15.4"
    "@polkadot/api" "6.3.1"
    "@polkadot/rpc-core" "6.3.1"
    "@polkadot/types" "6.3.1"
    "@polkadot/util" "^7.4.1"
    "@polkadot/util-crypto" "^7.4.1"
    rxjs "^7.4.0"

"@polkadot/api@6.3.1", "@polkadot/api@^6.3.1":
  version "6.3.1"
  resolved "https://registry.yarnpkg.com/@polkadot/api/-/api-6.3.1.tgz#18859dec2cdd30b54e6c04bc23a9d906b485c5e8"
  integrity sha512-4WbQNXIzPsmwktjR6VFQupU2uKl7Mkbch1ZsMc68a2TrGmeJTlhsTas2iL89VeM0Js3P7qp36ZiiKtMZ/IjWHQ==
  dependencies:
    "@babel/runtime" "^7.15.4"
    "@polkadot/api-derive" "6.3.1"
    "@polkadot/keyring" "^7.4.1"
    "@polkadot/rpc-core" "6.3.1"
    "@polkadot/rpc-provider" "6.3.1"
    "@polkadot/types" "6.3.1"
    "@polkadot/types-known" "6.3.1"
    "@polkadot/util" "^7.4.1"
    "@polkadot/util-crypto" "^7.4.1"
    eventemitter3 "^4.0.7"
    rxjs "^7.4.0"

"@polkadot/keyring@^7.4.1":
  version "7.4.1"
  resolved "https://registry.yarnpkg.com/@polkadot/keyring/-/keyring-7.4.1.tgz#cda3f371cc2a9bf4b8847bad41c4c14edfb05745"
  integrity sha512-3QCfhiv8O2vpbQ4qThn7aQSEZ3EJm0WMJ1TxklKdzaZ+5K6kVFXOGbS3ntRXXjjtoOPSPuyjOiOq2YEi+69s4A==
  dependencies:
    "@babel/runtime" "^7.15.4"
    "@polkadot/util" "7.4.1"
    "@polkadot/util-crypto" "7.4.1"

"@polkadot/networks@7.4.1", "@polkadot/networks@^7.4.1":
  version "7.4.1"
  resolved "https://registry.yarnpkg.com/@polkadot/networks/-/networks-7.4.1.tgz#02b4a1a159e64b90a08d0f3a0206858b64846a3b"
  integrity sha512-V+IagmVtaoDwR6zA+8R4JeihuTVJlheeYbDJyYCIyS9WtYImb5c7j/83XzoGicx+2auc+rwK2dH8hxHboi8Quw==
  dependencies:
    "@babel/runtime" "^7.15.4"

"@polkadot/rpc-core@6.3.1":
  version "6.3.1"
  resolved "https://registry.yarnpkg.com/@polkadot/rpc-core/-/rpc-core-6.3.1.tgz#96eebcea74c1334b128b34a341406ac6ade34e2d"
  integrity sha512-JClQ2Gfr4g9cU+S1NADc9GH+YfwjniZXA1vYub0/94Oung7GGwp6zeICQow90NfOtYi4cpp/iPOD0H7HtDIRYA==
  dependencies:
    "@babel/runtime" "^7.15.4"
    "@polkadot/rpc-provider" "6.3.1"
    "@polkadot/types" "6.3.1"
    "@polkadot/util" "^7.4.1"
    rxjs "^7.4.0"

"@polkadot/rpc-provider@6.3.1":
  version "6.3.1"
  resolved "https://registry.yarnpkg.com/@polkadot/rpc-provider/-/rpc-provider-6.3.1.tgz#8a9d11a0ad40783228e56f642bc0fe418227528c"
  integrity sha512-hf1wIfQZWsq/OLrszsGTRx/bBjDqLOKj/e7Ly5O7t9ai3ItUsYewgjXo6AiCD80jttHm3h8wg+twnh7DJxJfHQ==
  dependencies:
    "@babel/runtime" "^7.15.4"
    "@polkadot/types" "6.3.1"
    "@polkadot/util" "^7.4.1"
    "@polkadot/util-crypto" "^7.4.1"
    "@polkadot/x-fetch" "^7.4.1"
    "@polkadot/x-global" "^7.4.1"
    "@polkadot/x-ws" "^7.4.1"
    eventemitter3 "^4.0.7"

"@polkadot/types-known@6.3.1":
  version "6.3.1"
  resolved "https://registry.yarnpkg.com/@polkadot/types-known/-/types-known-6.3.1.tgz#dae6d8532272d8fc3c4ea53181a18d7d117b7113"
  integrity sha512-zeFA2c/8irg0L5OQDfMAxBnODTbsibaa0q8bk+bsqK0sVgJ/l3Sz9XtONWL72s7FEi/zzXIOQLd+ffEVWmAN7A==
  dependencies:
    "@babel/runtime" "^7.15.4"
    "@polkadot/networks" "^7.4.1"
    "@polkadot/types" "6.3.1"
    "@polkadot/util" "^7.4.1"

"@polkadot/types@6.3.1":
  version "6.3.1"
  resolved "https://registry.yarnpkg.com/@polkadot/types/-/types-6.3.1.tgz#98f14278806b68b784113b6aac361a9e4bd1b005"
  integrity sha512-ZZHwohZlyBgTAXmvISWY/lkpOfi6IvX4QAxXUNG+fH2ZB8uLB+ZPKeztPIleOqApj3HzczOCpH9QXK3he2IzHQ==
  dependencies:
    "@babel/runtime" "^7.15.4"
    "@polkadot/util" "^7.4.1"
    "@polkadot/util-crypto" "^7.4.1"
    rxjs "^7.4.0"

"@polkadot/util-crypto@7.4.1", "@polkadot/util-crypto@^7.4.1":
  version "7.4.1"
  resolved "https://registry.yarnpkg.com/@polkadot/util-crypto/-/util-crypto-7.4.1.tgz#76760df995e9feb7deef69d85cab6c13e9ceb977"
  integrity sha512-ragnHzqROJl6mlWDIgcHHMM42XA/v7BlnATbVEkKuKOV8xHmdpNHDdtTsqwWzJ+F+oV1jeITaIUZqPuEDWloiw==
  dependencies:
    "@babel/runtime" "^7.15.4"
    "@polkadot/networks" "7.4.1"
    "@polkadot/util" "7.4.1"
    "@polkadot/wasm-crypto" "^4.2.1"
    "@polkadot/x-randomvalues" "7.4.1"
    base-x "^3.0.8"
    base64-js "^1.5.1"
    blakejs "^1.1.1"
    bn.js "^4.12.0"
    create-hash "^1.2.0"
    ed2curve "^0.3.0"
    elliptic "^6.5.4"
    hash.js "^1.1.7"
    js-sha3 "^0.8.0"
    scryptsy "^2.1.0"
    tweetnacl "^1.0.3"
    xxhashjs "^0.2.2"

"@polkadot/util@7.4.1", "@polkadot/util@^7.4.1":
  version "7.4.1"
  resolved "https://registry.yarnpkg.com/@polkadot/util/-/util-7.4.1.tgz#f5aa9b60e5ca5c5b8f0d188beb7cbd47dd6c4041"
  integrity sha512-HHsVVh8XpeIZZEHJDMZ8tCBnS2UfVuiZ4+79IuQln437HxL1uVfuTyv0mx0qsv6KsOyifMpxrUBfeAlna5jrWA==
  dependencies:
    "@babel/runtime" "^7.15.4"
    "@polkadot/x-textdecoder" "7.4.1"
    "@polkadot/x-textencoder" "7.4.1"
    "@types/bn.js" "^4.11.6"
    bn.js "^4.12.0"
    camelcase "^6.2.0"
    ip-regex "^4.3.0"

"@polkadot/wasm-crypto-asmjs@^4.2.1":
  version "4.2.1"
  resolved "https://registry.yarnpkg.com/@polkadot/wasm-crypto-asmjs/-/wasm-crypto-asmjs-4.2.1.tgz#6b7eae1c011709f8042dfd30872a5fc5e9e021c0"
  integrity sha512-ON9EBpTNDCI3QRUmuQJIegYoAcwvxDaNNA7uwKTaEEStu8LjCIbQxbt4WbOBYWI0PoUpl4iIluXdT3XZ3V3jXA==
  dependencies:
    "@babel/runtime" "^7.15.3"

"@polkadot/wasm-crypto-wasm@^4.2.1":
  version "4.2.1"
  resolved "https://registry.yarnpkg.com/@polkadot/wasm-crypto-wasm/-/wasm-crypto-wasm-4.2.1.tgz#2a86f9b405e7195c3f523798c6ce4afffd19737e"
  integrity sha512-Rs2CKiR4D+2hKzmKBfPNYxcd2E8NfLWia0av4fgicjT9YsWIWOGQUi9AtSOfazPOR9FrjxKJy+chQxAkcfKMnQ==
  dependencies:
    "@babel/runtime" "^7.15.3"

"@polkadot/wasm-crypto@^4.2.1":
  version "4.2.1"
  resolved "https://registry.yarnpkg.com/@polkadot/wasm-crypto/-/wasm-crypto-4.2.1.tgz#4d09402f5ac71a90962fb58cbe4b1707772a4fb6"
  integrity sha512-C/A/QnemOilRTLnM0LfhPY2N/x3ZFd1ihm9sXYyuh98CxtekSVYI9h4IJ5Jrgz5imSUHgvt9oJLqJ5GbWQV/Zg==
  dependencies:
    "@babel/runtime" "^7.15.3"
    "@polkadot/wasm-crypto-asmjs" "^4.2.1"
    "@polkadot/wasm-crypto-wasm" "^4.2.1"

"@polkadot/x-fetch@^7.4.1":
  version "7.4.1"
  resolved "https://registry.yarnpkg.com/@polkadot/x-fetch/-/x-fetch-7.4.1.tgz#70dc3f648981f24b32afbcfb5b59e2000c72f4b2"
  integrity sha512-ot7VcBVVSnrh+Kt0I+p/YISsenRFpmFl6sBGk4qz90JlPbrmuc93iTTwyImi1QaT6wYBEGGcM56wyfTxkzGG4g==
  dependencies:
    "@babel/runtime" "^7.15.4"
    "@polkadot/x-global" "7.4.1"
    "@types/node-fetch" "^2.5.12"
    node-fetch "^2.6.2"

"@polkadot/x-global@7.4.1", "@polkadot/x-global@^7.4.1":
  version "7.4.1"
  resolved "https://registry.yarnpkg.com/@polkadot/x-global/-/x-global-7.4.1.tgz#66f7f8a5d0208832773a4606c56d10e7927552fc"
  integrity sha512-am24TT18b3H028ERjOtfrMt1MBIU4PN17n7+tpDmnS09HA+6ebfLlVTSU5gDWNu9p0EjzE0gOMTJIUw62mzkkg==
  dependencies:
    "@babel/runtime" "^7.15.4"

"@polkadot/x-randomvalues@7.4.1":
  version "7.4.1"
  resolved "https://registry.yarnpkg.com/@polkadot/x-randomvalues/-/x-randomvalues-7.4.1.tgz#e48d6c7fa869f5f871b2d18aa8b864c9802e9aeb"
  integrity sha512-7XRXcII5zoGXXpRInR61DZsWW3XWqkOWctbrWSgT5psrw9rGmHs2iyRa8lsqtGUAFCiFM0FcRwSJ/hbRodgLKQ==
  dependencies:
    "@babel/runtime" "^7.15.4"
    "@polkadot/x-global" "7.4.1"

"@polkadot/x-textdecoder@7.4.1":
  version "7.4.1"
  resolved "https://registry.yarnpkg.com/@polkadot/x-textdecoder/-/x-textdecoder-7.4.1.tgz#e0e0bc375d5aa7fad8929a7ea1c279884c57ad26"
  integrity sha512-7tbwF8u1SJGS/AUWee3ZukcyW6o03ZVbgvXYcPtd+Xfx8WXUuUih0bJVeF7B0HevenBpqCWjsdcAQIJOcHOBpg==
  dependencies:
    "@babel/runtime" "^7.15.4"
    "@polkadot/x-global" "7.4.1"

"@polkadot/x-textencoder@7.4.1":
  version "7.4.1"
  resolved "https://registry.yarnpkg.com/@polkadot/x-textencoder/-/x-textencoder-7.4.1.tgz#0411213c6ab3f6f80af074f49ed12174c3e28775"
  integrity sha512-QYdSQ8mGj3LXGSWQOUKh/3ZlmDgSaHA+nKmIWwgdzXStfy77ErQbIo+AVQsDSdbr+bDAteugWPO+AoSBAqBkHg==
  dependencies:
    "@babel/runtime" "^7.15.4"
    "@polkadot/x-global" "7.4.1"

"@polkadot/x-ws@^7.4.1":
  version "7.4.1"
  resolved "https://registry.yarnpkg.com/@polkadot/x-ws/-/x-ws-7.4.1.tgz#94b310e3385dabf550adba99a2a06cbf03a737cb"
  integrity sha512-OLM61XX8Ut8NiCqKjraDr+t8WNFGZEuhOOzyPiFfUYqSML12U0/xrdbkS2AQTrtey4Cxv7iJB9GWCjn0amM4LQ==
  dependencies:
    "@babel/runtime" "^7.15.4"
    "@polkadot/x-global" "7.4.1"
    "@types/websocket" "^1.0.4"
    websocket "^1.0.34"

"@protobufjs/aspromise@^1.1.1", "@protobufjs/aspromise@^1.1.2":
  version "1.1.2"
  resolved "https://registry.yarnpkg.com/@protobufjs/aspromise/-/aspromise-1.1.2.tgz#9b8b0cc663d669a7d8f6f5d0893a14d348f30fbf"
  integrity sha1-m4sMxmPWaafY9vXQiToU00jzD78=

"@protobufjs/base64@^1.1.2":
  version "1.1.2"
  resolved "https://registry.yarnpkg.com/@protobufjs/base64/-/base64-1.1.2.tgz#4c85730e59b9a1f1f349047dbf24296034bb2735"
  integrity sha512-AZkcAA5vnN/v4PDqKyMR5lx7hZttPDgClv83E//FMNhR2TMcLUhfRUBHCmSl0oi9zMgDDqRUJkSxO3wm85+XLg==

"@protobufjs/codegen@^2.0.4":
  version "2.0.4"
  resolved "https://registry.yarnpkg.com/@protobufjs/codegen/-/codegen-2.0.4.tgz#7ef37f0d010fb028ad1ad59722e506d9262815cb"
  integrity sha512-YyFaikqM5sH0ziFZCN3xDC7zeGaB/d0IUb9CATugHWbd1FRFwWwt4ld4OYMPWu5a3Xe01mGAULCdqhMlPl29Jg==

"@protobufjs/eventemitter@^1.1.0":
  version "1.1.0"
  resolved "https://registry.yarnpkg.com/@protobufjs/eventemitter/-/eventemitter-1.1.0.tgz#355cbc98bafad5978f9ed095f397621f1d066b70"
  integrity sha1-NVy8mLr61ZePntCV85diHx0Ga3A=

"@protobufjs/fetch@^1.1.0":
  version "1.1.0"
  resolved "https://registry.yarnpkg.com/@protobufjs/fetch/-/fetch-1.1.0.tgz#ba99fb598614af65700c1619ff06d454b0d84c45"
  integrity sha1-upn7WYYUr2VwDBYZ/wbUVLDYTEU=
  dependencies:
    "@protobufjs/aspromise" "^1.1.1"
    "@protobufjs/inquire" "^1.1.0"

"@protobufjs/float@^1.0.2":
  version "1.0.2"
  resolved "https://registry.yarnpkg.com/@protobufjs/float/-/float-1.0.2.tgz#5e9e1abdcb73fc0a7cb8b291df78c8cbd97b87d1"
  integrity sha1-Xp4avctz/Ap8uLKR33jIy9l7h9E=

"@protobufjs/inquire@^1.1.0":
  version "1.1.0"
  resolved "https://registry.yarnpkg.com/@protobufjs/inquire/-/inquire-1.1.0.tgz#ff200e3e7cf2429e2dcafc1140828e8cc638f089"
  integrity sha1-/yAOPnzyQp4tyvwRQIKOjMY48Ik=

"@protobufjs/path@^1.1.2":
  version "1.1.2"
  resolved "https://registry.yarnpkg.com/@protobufjs/path/-/path-1.1.2.tgz#6cc2b20c5c9ad6ad0dccfd21ca7673d8d7fbf68d"
  integrity sha1-bMKyDFya1q0NzP0hynZz2Nf79o0=

"@protobufjs/pool@^1.1.0":
  version "1.1.0"
  resolved "https://registry.yarnpkg.com/@protobufjs/pool/-/pool-1.1.0.tgz#09fd15f2d6d3abfa9b65bc366506d6ad7846ff54"
  integrity sha1-Cf0V8tbTq/qbZbw2ZQbWrXhG/1Q=

"@protobufjs/utf8@^1.1.0":
  version "1.1.0"
  resolved "https://registry.yarnpkg.com/@protobufjs/utf8/-/utf8-1.1.0.tgz#a777360b5b39a1a2e5106f8e858f2fd2d060c570"
  integrity sha1-p3c2C1s5oaLlEG+OhY8v0tBgxXA=

"@types/bn.js@^4.11.6":
  version "4.11.6"
  resolved "https://registry.yarnpkg.com/@types/bn.js/-/bn.js-4.11.6.tgz#c306c70d9358aaea33cd4eda092a742b9505967c"
  integrity sha512-pqr857jrp2kPuO9uRjZ3PwnJTjoQy+fcdxvBTvHm6dkmEL9q+hDD/2j/0ELOBPtPnS8LjCX0gI9nbl8lVkadpg==
  dependencies:
    "@types/node" "*"

"@types/long@^4.0.1":
  version "4.0.1"
  resolved "https://registry.yarnpkg.com/@types/long/-/long-4.0.1.tgz#459c65fa1867dafe6a8f322c4c51695663cc55e9"
  integrity sha512-5tXH6Bx/kNGd3MgffdmP4dy2Z+G4eaXw0SE81Tq3BNadtnMR5/ySMzX4SLEzHJzSmPNn4HIdpQsBvXMUykr58w==

"@types/node-fetch@^2.5.12":
  version "2.5.12"
  resolved "https://registry.yarnpkg.com/@types/node-fetch/-/node-fetch-2.5.12.tgz#8a6f779b1d4e60b7a57fb6fd48d84fb545b9cc66"
  integrity sha512-MKgC4dlq4kKNa/mYrwpKfzQMB5X3ee5U6fSprkKpToBqBmX4nFZL9cW5jl6sWn+xpRJ7ypWh2yyqqr8UUCstSw==
  dependencies:
    "@types/node" "*"
    form-data "^3.0.0"

"@types/node@*", "@types/node@^16.4.12":
  version "16.10.3"
  resolved "https://registry.yarnpkg.com/@types/node/-/node-16.10.3.tgz#7a8f2838603ea314d1d22bb3171d899e15c57bd5"
  integrity sha512-ho3Ruq+fFnBrZhUYI46n/bV2GjwzSkwuT4dTf0GkuNFmnb8nq4ny2z9JEVemFi6bdEJanHLlYfy9c6FN9B9McQ==

"@types/node@>=13.7.0":
  version "16.11.8"
  resolved "https://registry.yarnpkg.com/@types/node/-/node-16.11.8.tgz#a1aeb23f0aa33cb111e64ccaa1687b2ae0423b69"
  integrity sha512-hmT5gfpRkkHr7DZZHMf3jBe/zNcVGN+jXSL2f8nAsYfBPxQFToKwQlS/zES4Sjp488Bi73i+p6bvrNRRGU0x9Q==

"@types/websocket@^1.0.4":
  version "1.0.4"
  resolved "https://registry.yarnpkg.com/@types/websocket/-/websocket-1.0.4.tgz#1dc497280d8049a5450854dd698ee7e6ea9e60b8"
  integrity sha512-qn1LkcFEKK8RPp459jkjzsfpbsx36BBt3oC3pITYtkoBw/aVX+EZFa5j3ThCRTNpLFvIMr5dSTD4RaMdilIOpA==
  dependencies:
    "@types/node" "*"

ansi-regex@^5.0.1:
  version "5.0.1"
  resolved "https://registry.yarnpkg.com/ansi-regex/-/ansi-regex-5.0.1.tgz#082cb2c89c9fe8659a311a53bd6a4dc5301db304"
  integrity sha512-quJQXlTSUGL2LH9SUXo8VwsY4soanhgo6LNSm84E1LBcE8s3O0wpdiRzyR9z/ZZJMlMWv37qOOb9pdJlMUEKFQ==

ansi-styles@^4.0.0:
  version "4.3.0"
  resolved "https://registry.yarnpkg.com/ansi-styles/-/ansi-styles-4.3.0.tgz#edd803628ae71c04c85ae7a0906edad34b648937"
  integrity sha512-zbB9rCJAT1rbjiVDb2hqKFHNYLxgtk8NURxZ3IZwD3F6NtxbXZQCnnSi1Lkx+IDohdPlFp222wVALIheZJQSEg==
  dependencies:
    color-convert "^2.0.1"

asn1.js@^5.0.1:
  version "5.4.1"
  resolved "https://registry.yarnpkg.com/asn1.js/-/asn1.js-5.4.1.tgz#11a980b84ebb91781ce35b0fdc2ee294e3783f07"
  integrity sha512-+I//4cYPccV8LdmBLiX8CYvf9Sp3vQsrqu2QNXRcrbiWvcx/UdlFiqUJJzxRQxgsZmvhXhn4cSKeSmoFjVdupA==
  dependencies:
    bn.js "^4.0.0"
    inherits "^2.0.1"
    minimalistic-assert "^1.0.0"
    safer-buffer "^2.1.0"

asynckit@^0.4.0:
  version "0.4.0"
  resolved "https://registry.yarnpkg.com/asynckit/-/asynckit-0.4.0.tgz#c79ed97f7f34cb8f2ba1bc9790bcc366474b4b79"
  integrity sha1-x57Zf380y48robyXkLzDZkdLS3k=

base-x@^3.0.8:
  version "3.0.8"
  resolved "https://registry.yarnpkg.com/base-x/-/base-x-3.0.8.tgz#1e1106c2537f0162e8b52474a557ebb09000018d"
  integrity sha512-Rl/1AWP4J/zRrk54hhlxH4drNxPJXYUaKffODVI53/dAsV4t9fBxyxYKAVPU1XBHxYwOWP9h9H0hM2MVw4YfJA==
  dependencies:
    safe-buffer "^5.0.1"

base64-js@^1.5.1:
  version "1.5.1"
  resolved "https://registry.yarnpkg.com/base64-js/-/base64-js-1.5.1.tgz#1b1b440160a5bf7ad40b650f095963481903930a"
  integrity sha512-AKpaYlHn8t4SVbOHCy+b5+KKgvR4vrsD8vbvrbiQJps7fKDTkjkDry6ji0rUJjC0kzbNePLwzxq8iypo41qeWA==

bindings@^1.5.0:
  version "1.5.0"
  resolved "https://registry.yarnpkg.com/bindings/-/bindings-1.5.0.tgz#10353c9e945334bc0511a6d90b38fbc7c9c504df"
  integrity sha512-p2q/t/mhvuOj/UeLlV6566GD/guowlr0hHxClI0W9m7MWYkL1F0hLo+0Aexs9HSPCtR1SXQ0TD3MMKrXZajbiQ==
  dependencies:
    file-uri-to-path "1.0.0"

blakejs@^1.1.1:
  version "1.1.1"
  resolved "https://registry.yarnpkg.com/blakejs/-/blakejs-1.1.1.tgz#bf313053978b2cd4c444a48795710be05c785702"
  integrity sha512-bLG6PHOCZJKNshTjGRBvET0vTciwQE6zFKOKKXPDJfwFBd4Ac0yBfPZqcGvGJap50l7ktvlpFqc2jGVaUgbJgg==

bn.js@^4.0.0, bn.js@^4.11.9, bn.js@^4.12.0:
  version "4.12.0"
  resolved "https://registry.yarnpkg.com/bn.js/-/bn.js-4.12.0.tgz#775b3f278efbb9718eec7361f483fb36fbbfea88"
  integrity sha512-c98Bf3tPniI+scsdk237ku1Dc3ujXQTSgyiPUDEOe7tRkhrqridvh8klBv0HCEso1OLOYcHuCv/cS6DNxKH+ZA==

brorand@^1.1.0:
  version "1.1.0"
  resolved "https://registry.yarnpkg.com/brorand/-/brorand-1.1.0.tgz#12c25efe40a45e3c323eb8675a0a0ce57b22371f"
  integrity sha1-EsJe/kCkXjwyPrhnWgoM5XsiNx8=

bufferutil@^4.0.1:
  version "4.0.4"
  resolved "https://registry.yarnpkg.com/bufferutil/-/bufferutil-4.0.4.tgz#ab81373d313a6ead0d734e98c448c722734ae7bb"
  integrity sha512-VNxjXUCrF3LvbLgwfkTb5LsFvk6pGIn7OBb9x+3o+iJ6mKw0JTUp4chBFc88hi1aspeZGeZG9jAIbpFYPQSLZw==
  dependencies:
    node-gyp-build "^4.2.0"

camelcase@^5.0.0:
  version "5.3.1"
  resolved "https://registry.yarnpkg.com/camelcase/-/camelcase-5.3.1.tgz#e3c9b31569e106811df242f715725a1f4c494320"
  integrity sha512-L28STB170nwWS63UjtlEOE3dldQApaJXZkOI1uMFfzf3rRuPegHaHesyee+YxQ+W6SvRDQV6UrdOdRiR153wJg==

camelcase@^6.2.0:
  version "6.2.0"
  resolved "https://registry.yarnpkg.com/camelcase/-/camelcase-6.2.0.tgz#924af881c9d525ac9d87f40d964e5cea982a1809"
  integrity sha512-c7wVvbw3f37nuobQNtgsgG9POC9qMbNuMQmTCqZv23b6MIz0fcYpBiOlv9gEN/hdLdnZTDQhg6e9Dq5M1vKvfg==

cipher-base@^1.0.1:
  version "1.0.4"
  resolved "https://registry.yarnpkg.com/cipher-base/-/cipher-base-1.0.4.tgz#8760e4ecc272f4c363532f926d874aae2c1397de"
  integrity sha512-Kkht5ye6ZGmwv40uUDZztayT2ThLQGfnj/T71N/XzeZeo3nf8foyW7zGTsPYkEya3m5f3cAypH+qe7YOrM1U2Q==
  dependencies:
    inherits "^2.0.1"
    safe-buffer "^5.0.1"

class-is@^1.1.0:
  version "1.1.0"
  resolved "https://registry.yarnpkg.com/class-is/-/class-is-1.1.0.tgz#9d3c0fba0440d211d843cec3dedfa48055005825"
  integrity sha512-rhjH9AG1fvabIDoGRVH587413LPjTZgmDF9fOFCbFJQV4yuocX1mHxxvXI4g3cGwbVY9wAYIoKlg1N79frJKQw==

cliui@^6.0.0:
  version "6.0.0"
  resolved "https://registry.yarnpkg.com/cliui/-/cliui-6.0.0.tgz#511d702c0c4e41ca156d7d0e96021f23e13225b1"
  integrity sha512-t6wbgtoCXvAzst7QgXxJYqPt0usEfbgQdftEPbLL/cvv6HPE5VgvqCuAIDR0NgU52ds6rFwqrgakNLrHEjCbrQ==
  dependencies:
    string-width "^4.2.0"
    strip-ansi "^6.0.0"
    wrap-ansi "^6.2.0"

color-convert@^2.0.1:
  version "2.0.1"
  resolved "https://registry.yarnpkg.com/color-convert/-/color-convert-2.0.1.tgz#72d3a68d598c9bdb3af2ad1e84f21d896abd4de3"
  integrity sha512-RRECPsj7iu/xb5oKYcsFHSppFNnsj/52OVTRKb4zP5onXwVF3zVmmToNcOfGC+CRDpfK/U584fMg38ZHCaElKQ==
  dependencies:
    color-name "~1.1.4"

color-name@~1.1.4:
  version "1.1.4"
  resolved "https://registry.yarnpkg.com/color-name/-/color-name-1.1.4.tgz#c2a09a87acbde69543de6f63fa3995c826c536a2"
  integrity sha512-dOy+3AuW3a2wNbZHIuMZpTcgjGuLU/uBL/ubcZF9OXbDo8ff4O8yVp5Bf0efS8uEoYo5q4Fx7dY9OgQGXgAsQA==

combined-stream@^1.0.8:
  version "1.0.8"
  resolved "https://registry.yarnpkg.com/combined-stream/-/combined-stream-1.0.8.tgz#c3d45a8b34fd730631a110a8a2520682b31d5a7f"
  integrity sha512-FQN4MRfuJeHf7cBbBMJFXhKSDq+2kAArBlmRBvcvFE5BB1HZKXtSFASDhdlz9zOYwxh8lDdnvmMOe/+5cdoEdg==
  dependencies:
    delayed-stream "~1.0.0"

create-hash@^1.2.0:
  version "1.2.0"
  resolved "https://registry.yarnpkg.com/create-hash/-/create-hash-1.2.0.tgz#889078af11a63756bcfb59bd221996be3a9ef196"
  integrity sha512-z00bCGNHDG8mHAkP7CtT1qVu+bFQUPjYq/4Iv3C3kWjTFV10zIjfSoeqXo9Asws8gwSHDGj/hl2u4OGIjapeCg==
  dependencies:
    cipher-base "^1.0.1"
    inherits "^2.0.1"
    md5.js "^1.3.4"
    ripemd160 "^2.0.1"
    sha.js "^2.4.0"

cuint@^0.2.2:
  version "0.2.2"
  resolved "https://registry.yarnpkg.com/cuint/-/cuint-0.2.2.tgz#408086d409550c2631155619e9fa7bcadc3b991b"
  integrity sha1-QICG1AlVDCYxFVYZ6fp7ytw7mRs=

d@1, d@^1.0.1:
  version "1.0.1"
  resolved "https://registry.yarnpkg.com/d/-/d-1.0.1.tgz#8698095372d58dbee346ffd0c7093f99f8f9eb5a"
  integrity sha512-m62ShEObQ39CfralilEQRjH6oAMtNCV1xJyEx5LpRYUVN+EviphDgUc/F3hnYbADmkiNs67Y+3ylmlG7Lnu+FA==
  dependencies:
    es5-ext "^0.10.50"
    type "^1.0.1"

debug@^2.2.0:
  version "2.6.9"
  resolved "https://registry.yarnpkg.com/debug/-/debug-2.6.9.tgz#5d128515df134ff327e90a4c93f4e077a536341f"
  integrity sha512-bC7ElrdJaJnPbAP+1EotYvqZsb3ecl5wi6Bfi6BJTUcNowp6cvspg0jXznRTKDjm/E7AdgFBVeAPVMNcKGsHMA==
  dependencies:
    ms "2.0.0"

decamelize@^1.2.0:
  version "1.2.0"
  resolved "https://registry.yarnpkg.com/decamelize/-/decamelize-1.2.0.tgz#f6534d15148269b20352e7bee26f501f9a191290"
  integrity sha1-9lNNFRSCabIDUue+4m9QH5oZEpA=

delayed-stream@~1.0.0:
  version "1.0.0"
  resolved "https://registry.yarnpkg.com/delayed-stream/-/delayed-stream-1.0.0.tgz#df3ae199acadfb7d440aaae0b29e2272b24ec619"
  integrity sha1-3zrhmayt+31ECqrgsp4icrJOxhk=

ed2curve@^0.3.0:
  version "0.3.0"
  resolved "https://registry.yarnpkg.com/ed2curve/-/ed2curve-0.3.0.tgz#322b575152a45305429d546b071823a93129a05d"
  integrity sha512-8w2fmmq3hv9rCrcI7g9hms2pMunQr1JINfcjwR9tAyZqhtyaMN991lF/ZfHfr5tzZQ8c7y7aBgZbjfbd0fjFwQ==
  dependencies:
    tweetnacl "1.x.x"

elliptic@^6.5.2, elliptic@^6.5.4:
  version "6.5.4"
  resolved "https://registry.yarnpkg.com/elliptic/-/elliptic-6.5.4.tgz#da37cebd31e79a1367e941b592ed1fbebd58abbb"
  integrity sha512-iLhC6ULemrljPZb+QutR5TQGB+pdW6KGD5RSegS+8sorOZT+rdQFbsQFJgvN3eRqNALqJer4oQ16YvJHlU8hzQ==
  dependencies:
    bn.js "^4.11.9"
    brorand "^1.1.0"
    hash.js "^1.0.0"
    hmac-drbg "^1.0.1"
    inherits "^2.0.4"
    minimalistic-assert "^1.0.1"
    minimalistic-crypto-utils "^1.0.1"

emoji-regex@^8.0.0:
  version "8.0.0"
  resolved "https://registry.yarnpkg.com/emoji-regex/-/emoji-regex-8.0.0.tgz#e818fd69ce5ccfcb404594f842963bf53164cc37"
  integrity sha512-MSjYzcWNOA0ewAHpz0MxpYFvwg6yjy1NG3xteoqz644VCo/RPgnr1/GGt+ic3iJTzQ8Eu3TdM14SawnVUmGE6A==

err-code@^3.0.1:
  version "3.0.1"
  resolved "https://registry.yarnpkg.com/err-code/-/err-code-3.0.1.tgz#a444c7b992705f2b120ee320b09972eef331c920"
  integrity sha512-GiaH0KJUewYok+eeY05IIgjtAe4Yltygk9Wqp1V5yVWLdhf0hYZchRjNIT9bb0mSwRcIusT3cx7PJUf3zEIfUA==

es5-ext@^0.10.35, es5-ext@^0.10.50:
  version "0.10.53"
  resolved "https://registry.yarnpkg.com/es5-ext/-/es5-ext-0.10.53.tgz#93c5a3acfdbef275220ad72644ad02ee18368de1"
  integrity sha512-Xs2Stw6NiNHWypzRTY1MtaG/uJlwCk8kH81920ma8mvN8Xq1gsfhZvpkImLQArw8AHnv8MT2I45J3c0R8slE+Q==
  dependencies:
    es6-iterator "~2.0.3"
    es6-symbol "~3.1.3"
    next-tick "~1.0.0"

es6-iterator@~2.0.3:
  version "2.0.3"
  resolved "https://registry.yarnpkg.com/es6-iterator/-/es6-iterator-2.0.3.tgz#a7de889141a05a94b0854403b2d0a0fbfa98f3b7"
  integrity sha1-p96IkUGgWpSwhUQDstCg+/qY87c=
  dependencies:
    d "1"
    es5-ext "^0.10.35"
    es6-symbol "^3.1.1"

es6-symbol@^3.1.1, es6-symbol@~3.1.3:
  version "3.1.3"
  resolved "https://registry.yarnpkg.com/es6-symbol/-/es6-symbol-3.1.3.tgz#bad5d3c1bcdac28269f4cb331e431c78ac705d18"
  integrity sha512-NJ6Yn3FuDinBaBRWl/q5X/s4koRHBrgKAu+yGI6JCBeiu3qrcbJhwT2GeR/EXVfylRk8dpQVJoLEFhK+Mu31NA==
  dependencies:
    d "^1.0.1"
    ext "^1.1.2"

eventemitter3@^4.0.7:
  version "4.0.7"
  resolved "https://registry.yarnpkg.com/eventemitter3/-/eventemitter3-4.0.7.tgz#2de9b68f6528d5644ef5c59526a1b4a07306169f"
  integrity sha512-8guHBZCwKnFhYdHr2ysuRWErTwhoN2X8XELRlrRwpmfeY2jjuUN4taQMsULKUVo1K4DvZl+0pgfyoysHxvmvEw==

events@^3.3.0:
  version "3.3.0"
  resolved "https://registry.yarnpkg.com/events/-/events-3.3.0.tgz#31a95ad0a924e2d2c419a813aeb2c4e878ea7400"
  integrity sha512-mQw+2fkQbALzQ7V0MY0IqdnXNOeTtP4r0lN9z7AAawCXgqea7bDii20AYrIBrFd/Hx0M2Ocz6S111CaFkUcb0Q==

ext@^1.1.2:
  version "1.6.0"
  resolved "https://registry.yarnpkg.com/ext/-/ext-1.6.0.tgz#3871d50641e874cc172e2b53f919842d19db4c52"
  integrity sha512-sdBImtzkq2HpkdRLtlLWDa6w4DX22ijZLKx8BMPUuKe1c5lbN6xwQDQCxSfxBQnHZ13ls/FH0MQZx/q/gr6FQg==
  dependencies:
    type "^2.5.0"

file-uri-to-path@1.0.0:
  version "1.0.0"
  resolved "https://registry.yarnpkg.com/file-uri-to-path/-/file-uri-to-path-1.0.0.tgz#553a7b8446ff6f684359c445f1e37a05dacc33dd"
  integrity sha512-0Zt+s3L7Vf1biwWZ29aARiVYLx7iMGnEUl9x33fbB/j3jR81u/O2LbqK+Bm1CDSNDKVtJ/YjwY7TUd5SkeLQLw==

filter-console@^0.1.1:
  version "0.1.1"
  resolved "https://registry.yarnpkg.com/filter-console/-/filter-console-0.1.1.tgz#6242be28982bba7415bcc6db74a79f4a294fa67c"
  integrity sha512-zrXoV1Uaz52DqPs+qEwNJWJFAWZpYJ47UNmpN9q4j+/EYsz85uV0DC9k8tRND5kYmoVzL0W+Y75q4Rg8sRJCdg==

find-up@^4.1.0:
  version "4.1.0"
  resolved "https://registry.yarnpkg.com/find-up/-/find-up-4.1.0.tgz#97afe7d6cdc0bc5928584b7c8d7b16e8a9aa5d19"
  integrity sha512-PpOwAdQ/YlXQ2vj8a3h8IipDuYRi3wceVQQGYWxNINccq40Anw7BlsEXCMbt1Zt+OLA6Fq9suIpIWD0OsnISlw==
  dependencies:
    locate-path "^5.0.0"
    path-exists "^4.0.0"

form-data@^3.0.0:
  version "3.0.1"
  resolved "https://registry.yarnpkg.com/form-data/-/form-data-3.0.1.tgz#ebd53791b78356a99af9a300d4282c4d5eb9755f"
  integrity sha512-RHkBKtLWUVwd7SqRIvCZMEvAMoGUp0XU+seQiZejj0COz3RI3hWP4sCv3gZWWLjJTd7rGwcsF5eKZGii0r/hbg==
  dependencies:
    asynckit "^0.4.0"
    combined-stream "^1.0.8"
    mime-types "^2.1.12"

get-caller-file@^2.0.1:
  version "2.0.5"
  resolved "https://registry.yarnpkg.com/get-caller-file/-/get-caller-file-2.0.5.tgz#4f94412a82db32f36e3b0b9741f8a97feb031f7e"
  integrity sha512-DyFP3BM/3YHTQOCUL/w0OZHR0lpKeGrxotcHWcqNEdnltqFwXVfhEBQ94eIo34AfQpo0rGki4cyIiftY06h2Fg==

hash-base@^3.0.0:
  version "3.1.0"
  resolved "https://registry.yarnpkg.com/hash-base/-/hash-base-3.1.0.tgz#55c381d9e06e1d2997a883b4a3fddfe7f0d3af33"
  integrity sha512-1nmYp/rhMDiE7AYkDw+lLwlAzz0AntGIe51F3RfFfEqyQ3feY2eI/NcwC6umIQVOASPMsWJLJScWKSSvzL9IVA==
  dependencies:
    inherits "^2.0.4"
    readable-stream "^3.6.0"
    safe-buffer "^5.2.0"

hash.js@^1.0.0, hash.js@^1.0.3, hash.js@^1.1.7:
  version "1.1.7"
  resolved "https://registry.yarnpkg.com/hash.js/-/hash.js-1.1.7.tgz#0babca538e8d4ee4a0f8988d68866537a003cf42"
  integrity sha512-taOaskGt4z4SOANNseOviYDvjEJinIkRgmp7LbKP2YTTmVxWBl87s/uzK9r+44BclBSp2X7K1hqeNfz9JbBeXA==
  dependencies:
    inherits "^2.0.3"
    minimalistic-assert "^1.0.1"

hmac-drbg@^1.0.1:
  version "1.0.1"
  resolved "https://registry.yarnpkg.com/hmac-drbg/-/hmac-drbg-1.0.1.tgz#d2745701025a6c775a6c545793ed502fc0c649a1"
  integrity sha1-0nRXAQJabHdabFRXk+1QL8DGSaE=
  dependencies:
    hash.js "^1.0.3"
    minimalistic-assert "^1.0.0"
    minimalistic-crypto-utils "^1.0.1"

inherits@^2.0.1, inherits@^2.0.3, inherits@^2.0.4:
  version "2.0.4"
  resolved "https://registry.yarnpkg.com/inherits/-/inherits-2.0.4.tgz#0fa2c64f932917c3433a0ded55363aae37416b7c"
  integrity sha512-k/vGaX4/Yla3WzyMCvTQOXYeIHvqOKtnqBduzTHpzpQZzAskKMhZ2K+EnBiSM9zGSoIFeMpXKxa4dYeZIQqewQ==

ip-regex@^4.3.0:
  version "4.3.0"
  resolved "https://registry.yarnpkg.com/ip-regex/-/ip-regex-4.3.0.tgz#687275ab0f57fa76978ff8f4dddc8a23d5990db5"
  integrity sha512-B9ZWJxHHOHUhUjCPrMpLD4xEq35bUTClHM1S6CBU5ixQnkZmwipwgc96vAd7AAGM9TGHvJR+Uss+/Ak6UphK+Q==

is-fullwidth-code-point@^3.0.0:
  version "3.0.0"
  resolved "https://registry.yarnpkg.com/is-fullwidth-code-point/-/is-fullwidth-code-point-3.0.0.tgz#f116f8064fe90b3f7844a38997c0b75051269f1d"
  integrity sha512-zymm5+u+sCsSWyD9qNaejV3DFvhCKclKdizYaJUuHA83RLjb7nSuGnddCHGv0hk+KY7BMAlsWeK4Ueg6EV6XQg==

is-typedarray@^1.0.0:
  version "1.0.0"
  resolved "https://registry.yarnpkg.com/is-typedarray/-/is-typedarray-1.0.0.tgz#e479c80858df0c1b11ddda6940f96011fcda4a9a"
  integrity sha1-5HnICFjfDBsR3dppQPlgEfzaSpo=

iso-random-stream@^2.0.0:
  version "2.0.0"
  resolved "https://registry.yarnpkg.com/iso-random-stream/-/iso-random-stream-2.0.0.tgz#3f0118166d5443148bbc134345fb100002ad0f1d"
  integrity sha512-lGuIu104KfBV9ubYTSaE3GeAr6I69iggXxBHbTBc5u/XKlwlWl0LCytnkIZissaKqvxablwRD9B3ktVnmIUnEg==
  dependencies:
    events "^3.3.0"
    readable-stream "^3.4.0"

js-sha3@^0.8.0:
  version "0.8.0"
  resolved "https://registry.yarnpkg.com/js-sha3/-/js-sha3-0.8.0.tgz#b9b7a5da73afad7dedd0f8c463954cbde6818840"
  integrity sha512-gF1cRrHhIzNfToc802P800N8PpXS+evLLXfsVpowqmAFR9uwbi89WvXg2QspOmXL8QL86J4T1EpFu+yUkwJY3Q==

keypair@^1.0.1, keypair@^1.0.4:
  version "1.0.4"
  resolved "https://registry.yarnpkg.com/keypair/-/keypair-1.0.4.tgz#a749a45f388593f3950f18b3757d32a93bd8ce83"
  integrity sha512-zwhgOhhniaL7oxMgUMKKw5219PWWABMO+dgMnzJOQ2/5L3XJtTJGhW2PEXlxXj9zaccdReZJZ83+4NPhVfNVDg==

libp2p-crypto@^0.19.0:
  version "0.19.7"
  resolved "https://registry.yarnpkg.com/libp2p-crypto/-/libp2p-crypto-0.19.7.tgz#e96a95bd430e672a695209fe0fbd2bcbd348bc35"
  integrity sha512-Qb5o/3WFKF2j6mYSt4UBPyi2kbKl3jYV0podBJoJCw70DlpM5Xc+oh3fFY9ToSunu8aSQQ5GY8nutjXgX/uGRA==
  dependencies:
    err-code "^3.0.1"
    is-typedarray "^1.0.0"
    iso-random-stream "^2.0.0"
    keypair "^1.0.1"
    multiformats "^9.4.5"
    node-forge "^0.10.0"
    pem-jwk "^2.0.0"
    protobufjs "^6.11.2"
    secp256k1 "^4.0.0"
    uint8arrays "^3.0.0"
    ursa-optional "^0.10.1"

libp2p-crypto@^0.20.0:
  version "0.20.0"
  resolved "https://registry.yarnpkg.com/libp2p-crypto/-/libp2p-crypto-0.20.0.tgz#3881ccff5f1f51f48c74050d685535fb1a728488"
  integrity sha512-WgIW9rYcWaO/5j2T6NW3R6Q46yvp2ZfFErqRMbi4/pOTL3T7+OROYpL/1iWVksWkXyurU/t2qFsIijWMxR5C4Q==
  dependencies:
    err-code "^3.0.1"
    iso-random-stream "^2.0.0"
    keypair "^1.0.4"
    multiformats "^9.4.5"
    noble-ed25519 "^1.2.6"
    noble-secp256k1 "^1.2.10"
    node-forge "^0.10.0"
    pem-jwk "^2.0.0"
    protobufjs "^6.11.2"
    uint8arrays "^3.0.0"
    ursa-optional "^0.10.1"

locate-path@^5.0.0:
  version "5.0.0"
  resolved "https://registry.yarnpkg.com/locate-path/-/locate-path-5.0.0.tgz#1afba396afd676a6d42504d0a67a3a7eb9f62aa0"
  integrity sha512-t7hw9pI+WvuwNJXwk5zVHpyhIqzg2qTlklJOf0mVxGSbe3Fp2VieZcduNYjaLDoy6p9uGpQEGWG87WpMKlNq8g==
  dependencies:
    p-locate "^4.1.0"

long@^4.0.0:
  version "4.0.0"
  resolved "https://registry.yarnpkg.com/long/-/long-4.0.0.tgz#9a7b71cfb7d361a194ea555241c92f7468d5bf28"
  integrity sha512-XsP+KhQif4bjX1kbuSiySJFNAehNxgLb6hPRGJ9QsUr8ajHkuXGdrHmFUTUUXhDwVX2R5bY4JNZEwbUiMhV+MA==

md5.js@^1.3.4:
  version "1.3.5"
  resolved "https://registry.yarnpkg.com/md5.js/-/md5.js-1.3.5.tgz#b5d07b8e3216e3e27cd728d72f70d1e6a342005f"
  integrity sha512-xitP+WxNPcTTOgnTJcrhM0xvdPepipPSf3I8EIpGKeFLjt3PlJLIDG3u8EX53ZIubkb+5U2+3rELYpEhHhzdkg==
  dependencies:
    hash-base "^3.0.0"
    inherits "^2.0.1"
    safe-buffer "^5.1.2"

mime-db@1.50.0:
  version "1.50.0"
  resolved "https://registry.yarnpkg.com/mime-db/-/mime-db-1.50.0.tgz#abd4ac94e98d3c0e185016c67ab45d5fde40c11f"
  integrity sha512-9tMZCDlYHqeERXEHO9f/hKfNXhre5dK2eE/krIvUjZbS2KPcqGDfNShIWS1uW9XOTKQKqK6qbeOci18rbfW77A==

mime-types@^2.1.12:
  version "2.1.33"
  resolved "https://registry.yarnpkg.com/mime-types/-/mime-types-2.1.33.tgz#1fa12a904472fafd068e48d9e8401f74d3f70edb"
  integrity sha512-plLElXp7pRDd0bNZHw+nMd52vRYjLwQjygaNg7ddJ2uJtTlmnTCjWuPKxVu6//AdaRuME84SvLW91sIkBqGT0g==
  dependencies:
    mime-db "1.50.0"

minimalistic-assert@^1.0.0, minimalistic-assert@^1.0.1:
  version "1.0.1"
  resolved "https://registry.yarnpkg.com/minimalistic-assert/-/minimalistic-assert-1.0.1.tgz#2e194de044626d4a10e7f7fbc00ce73e83e4d5c7"
  integrity sha512-UtJcAD4yEaGtjPezWuO9wC4nwUnVH/8/Im3yEHQP4b67cXlD/Qr9hdITCU1xDbSEXg2XKNaP8jsReV7vQd00/A==

minimalistic-crypto-utils@^1.0.1:
  version "1.0.1"
  resolved "https://registry.yarnpkg.com/minimalistic-crypto-utils/-/minimalistic-crypto-utils-1.0.1.tgz#f6c00c1c0b082246e5c4d99dfb8c7c083b2b582a"
  integrity sha1-9sAMHAsIIkblxNmd+4x8CDsrWCo=

minimist@^1.2.5:
  version "1.2.5"
  resolved "https://registry.yarnpkg.com/minimist/-/minimist-1.2.5.tgz#67d66014b66a6a8aaa0c083c5fd58df4e4e97602"
  integrity sha512-FM9nNUYrRBAELZQT3xeZQ7fmMOBg6nWNmJKTcgsJeaLstP/UODVpGsr5OhXhhXg6f+qtJ8uiZ+PUxkDWcgIXLw==

ms@2.0.0:
  version "2.0.0"
  resolved "https://registry.yarnpkg.com/ms/-/ms-2.0.0.tgz#5608aeadfc00be6c2901df5f9861788de0d597c8"
  integrity sha1-VgiurfwAvmwpAd9fmGF4jeDVl8g=

multiformats@^9.4.2, multiformats@^9.4.5:
  version "9.4.10"
  resolved "https://registry.yarnpkg.com/multiformats/-/multiformats-9.4.10.tgz#d654d06b28cc066506e4e59b246d65267fb6b93b"
  integrity sha512-BwWGvgqB/5J/cnWaOA0sXzJ+UGl+kyFAw3Sw1L6TN4oad34C9OpW+GCpYTYPDp4pUaXDC1EjvB3yv9Iodo1EhA==

nan@^2.14.2:
  version "2.15.0"
  resolved "https://registry.yarnpkg.com/nan/-/nan-2.15.0.tgz#3f34a473ff18e15c1b5626b62903b5ad6e665fee"
  integrity sha512-8ZtvEnA2c5aYCZYd1cvgdnU6cqwixRoYg70xPLWUws5ORTa/lnw+u4amixRS/Ac5U5mQVgp9pnlSUnbNWFaWZQ==

next-tick@~1.0.0:
  version "1.0.0"
  resolved "https://registry.yarnpkg.com/next-tick/-/next-tick-1.0.0.tgz#ca86d1fe8828169b0120208e3dc8424b9db8342c"
  integrity sha1-yobR/ogoFpsBICCOPchCS524NCw=

noble-ed25519@^1.2.6:
  version "1.2.6"
  resolved "https://registry.yarnpkg.com/noble-ed25519/-/noble-ed25519-1.2.6.tgz#a55b75c61da000498abb43ffd81caaa370bfed22"
  integrity sha512-zfnWqg9FVMp8CnzUpAjbt1nDXpDjCvxYiCXdnW1mY8zQHw/6twUlkFm14VPdojVzc0kcd+i9zT79+26GcNbsuQ==

noble-secp256k1@^1.2.10:
  version "1.2.14"
  resolved "https://registry.yarnpkg.com/noble-secp256k1/-/noble-secp256k1-1.2.14.tgz#39429c941d51211ca40161569cee03e61d72599e"
  integrity sha512-GSCXyoZBUaaPwVWdYncMEmzlSUjF9J/YeEHpklYJCyg8wPuJP3NzDx0BkiwArzINkdX2HJHvUJhL6vVWPOQQcg==

node-addon-api@^2.0.0:
  version "2.0.2"
  resolved "https://registry.yarnpkg.com/node-addon-api/-/node-addon-api-2.0.2.tgz#432cfa82962ce494b132e9d72a15b29f71ff5d32"
  integrity sha512-Ntyt4AIXyaLIuMHF6IOoTakB3K+RWxwtsHNRxllEoA6vPwP9o4866g6YWDLUdnucilZhmkxiHwHr11gAENw+QA==

node-fetch@^2.6.2:
  version "2.6.5"
  resolved "https://registry.yarnpkg.com/node-fetch/-/node-fetch-2.6.5.tgz#42735537d7f080a7e5f78b6c549b7146be1742fd"
  integrity sha512-mmlIVHJEu5rnIxgEgez6b9GgWXbkZj5YZ7fx+2r94a2E+Uirsp6HsPTPlomfdHtpt/B0cdKviwkoaM6pyvUOpQ==
  dependencies:
    whatwg-url "^5.0.0"

node-forge@^0.10.0:
  version "0.10.0"
  resolved "https://registry.yarnpkg.com/node-forge/-/node-forge-0.10.0.tgz#32dea2afb3e9926f02ee5ce8794902691a676bf3"
  integrity sha512-PPmu8eEeG9saEUvI97fm4OYxXVB6bFvyNTyiUOBichBpFG8A1Ljw3bY62+5oOjDEMHRnd0Y7HQ+x7uzxOzC6JA==

node-gyp-build@^4.2.0:
  version "4.3.0"
  resolved "https://registry.yarnpkg.com/node-gyp-build/-/node-gyp-build-4.3.0.tgz#9f256b03e5826150be39c764bf51e993946d71a3"
  integrity sha512-iWjXZvmboq0ja1pUGULQBexmxq8CV4xBhX7VDOTbL7ZR4FOowwY/VOtRxBN/yKxmdGoIp4j5ysNT4u3S2pDQ3Q==

p-limit@^2.2.0:
  version "2.3.0"
  resolved "https://registry.yarnpkg.com/p-limit/-/p-limit-2.3.0.tgz#3dd33c647a214fdfffd835933eb086da0dc21db1"
  integrity sha512-//88mFWSJx8lxCzwdAABTJL2MyWB12+eIY7MDL2SqLmAkeKU9qxRvWuSyTjm3FUmpBEMuFfckAIqEaVGUDxb6w==
  dependencies:
    p-try "^2.0.0"

p-locate@^4.1.0:
  version "4.1.0"
  resolved "https://registry.yarnpkg.com/p-locate/-/p-locate-4.1.0.tgz#a3428bb7088b3a60292f66919278b7c297ad4f07"
  integrity sha512-R79ZZ/0wAxKGu3oYMlz8jy/kbhsNrS7SKZ7PxEHBgJ5+F2mtFW2fK2cOtBh1cHYkQsbzFV7I+EoRKe6Yt0oK7A==
  dependencies:
    p-limit "^2.2.0"

p-try@^2.0.0:
  version "2.2.0"
  resolved "https://registry.yarnpkg.com/p-try/-/p-try-2.2.0.tgz#cb2868540e313d61de58fafbe35ce9004d5540e6"
  integrity sha512-R4nPAVTAU0B9D35/Gk3uJf/7XYbQcyohSKdvAxIRSNghFl4e71hVoGnBNQz9cWaXxO2I10KTC+3jMdvvoKw6dQ==

path-exists@^4.0.0:
  version "4.0.0"
  resolved "https://registry.yarnpkg.com/path-exists/-/path-exists-4.0.0.tgz#513bdbe2d3b95d7762e8c1137efa195c6c61b5b3"
  integrity sha512-ak9Qy5Q7jYb2Wwcey5Fpvg2KoAc/ZIhLSLOSBmRmygPsGwkVVt0fZa0qrtMz+m6tJTAHfZQ8FnmB4MG4LWy7/w==

peer-id@^0.15.3:
  version "0.15.3"
  resolved "https://registry.yarnpkg.com/peer-id/-/peer-id-0.15.3.tgz#c093486bcc11399ba63672990382946cfcf0e6f3"
  integrity sha512-pass5tk6Fbaz7PTD/3fJg2KWqaproHY0B0Ki8GQMEuMjkoLRcS2Vqt9yy6ob/+8uGBmWjRLtbMhaLV4HTyMDfw==
  dependencies:
    class-is "^1.1.0"
    libp2p-crypto "^0.19.0"
    minimist "^1.2.5"
    multiformats "^9.4.5"
    protobufjs "^6.10.2"
    uint8arrays "^3.0.0"

pem-jwk@^2.0.0:
  version "2.0.0"
  resolved "https://registry.yarnpkg.com/pem-jwk/-/pem-jwk-2.0.0.tgz#1c5bb264612fc391340907f5c1de60c06d22f085"
  integrity sha512-rFxu7rVoHgQ5H9YsP50dDWf0rHjreVA2z0yPiWr5WdH/UHb29hKtF7h6l8vNd1cbYR1t0QL+JKhW55a2ZV4KtA==
  dependencies:
    asn1.js "^5.0.1"

prettier@^2.4.1:
  version "2.4.1"
  resolved "https://registry.yarnpkg.com/prettier/-/prettier-2.4.1.tgz#671e11c89c14a4cfc876ce564106c4a6726c9f5c"
  integrity sha512-9fbDAXSBcc6Bs1mZrDYb3XKzDLm4EXXL9sC1LqKP5rZkT6KRr/rf9amVUcODVXgguK/isJz0d0hP72WeaKWsvA==

protobufjs@^6.10.2, protobufjs@^6.11.2:
  version "6.11.2"
  resolved "https://registry.yarnpkg.com/protobufjs/-/protobufjs-6.11.2.tgz#de39fabd4ed32beaa08e9bb1e30d08544c1edf8b"
  integrity sha512-4BQJoPooKJl2G9j3XftkIXjoC9C0Av2NOrWmbLWT1vH32GcSUHjM0Arra6UfTsVyfMAuFzaLucXn1sadxJydAw==
  dependencies:
    "@protobufjs/aspromise" "^1.1.2"
    "@protobufjs/base64" "^1.1.2"
    "@protobufjs/codegen" "^2.0.4"
    "@protobufjs/eventemitter" "^1.1.0"
    "@protobufjs/fetch" "^1.1.0"
    "@protobufjs/float" "^1.0.2"
    "@protobufjs/inquire" "^1.1.0"
    "@protobufjs/path" "^1.1.2"
    "@protobufjs/pool" "^1.1.0"
    "@protobufjs/utf8" "^1.1.0"
    "@types/long" "^4.0.1"
    "@types/node" ">=13.7.0"
    long "^4.0.0"

readable-stream@^3.4.0, readable-stream@^3.6.0:
  version "3.6.0"
  resolved "https://registry.yarnpkg.com/readable-stream/-/readable-stream-3.6.0.tgz#337bbda3adc0706bd3e024426a286d4b4b2c9198"
  integrity sha512-BViHy7LKeTz4oNnkcLJ+lVSL6vpiFeX6/d3oSH8zCW7UxP2onchk+vTGB143xuFjHS3deTgkKoXXymXqymiIdA==
  dependencies:
    inherits "^2.0.3"
    string_decoder "^1.1.1"
    util-deprecate "^1.0.1"

regenerator-runtime@^0.13.4:
  version "0.13.9"
  resolved "https://registry.yarnpkg.com/regenerator-runtime/-/regenerator-runtime-0.13.9.tgz#8925742a98ffd90814988d7566ad30ca3b263b52"
  integrity sha512-p3VT+cOEgxFsRRA9X4lkI1E+k2/CtnKtU4gcxyaCUreilL/vqI6CdZ3wxVUx3UOUg+gnUOQQcRI7BmSI656MYA==

require-directory@^2.1.1:
  version "2.1.1"
  resolved "https://registry.yarnpkg.com/require-directory/-/require-directory-2.1.1.tgz#8c64ad5fd30dab1c976e2344ffe7f792a6a6df42"
  integrity sha1-jGStX9MNqxyXbiNE/+f3kqam30I=

require-main-filename@^2.0.0:
  version "2.0.0"
  resolved "https://registry.yarnpkg.com/require-main-filename/-/require-main-filename-2.0.0.tgz#d0b329ecc7cc0f61649f62215be69af54aa8989b"
  integrity sha512-NKN5kMDylKuldxYLSUfrbo5Tuzh4hd+2E8NPPX02mZtn1VuREQToYe/ZdlJy+J3uCpfaiGF05e7B8W0iXbQHmg==

ripemd160@^2.0.1:
  version "2.0.2"
  resolved "https://registry.yarnpkg.com/ripemd160/-/ripemd160-2.0.2.tgz#a1c1a6f624751577ba5d07914cbc92850585890c"
  integrity sha512-ii4iagi25WusVoiC4B4lq7pbXfAp3D9v5CwfkY33vffw2+pkDjY1D8GaN7spsxvCSx8dkPqOZCEZyfxcmJG2IA==
  dependencies:
    hash-base "^3.0.0"
    inherits "^2.0.1"

rxjs@^7.4.0:
  version "7.4.0"
  resolved "https://registry.yarnpkg.com/rxjs/-/rxjs-7.4.0.tgz#a12a44d7eebf016f5ff2441b87f28c9a51cebc68"
  integrity sha512-7SQDi7xeTMCJpqViXh8gL/lebcwlp3d831F05+9B44A4B0WfsEwUQHR64gsH1kvJ+Ep/J9K2+n1hVl1CsGN23w==
  dependencies:
    tslib "~2.1.0"

safe-buffer@^5.0.1, safe-buffer@^5.1.2, safe-buffer@^5.2.0, safe-buffer@~5.2.0:
  version "5.2.1"
  resolved "https://registry.yarnpkg.com/safe-buffer/-/safe-buffer-5.2.1.tgz#1eaf9fa9bdb1fdd4ec75f58f9cdb4e6b7827eec6"
  integrity sha512-rp3So07KcdmmKbGvgaNxQSJr7bGVSVk5S9Eq1F+ppbRo70+YeaDxkw5Dd8NPN+GD6bjnYm2VuPuCXmpuYvmCXQ==

safer-buffer@^2.1.0:
  version "2.1.2"
  resolved "https://registry.yarnpkg.com/safer-buffer/-/safer-buffer-2.1.2.tgz#44fa161b0187b9549dd84bb91802f9bd8385cd6a"
  integrity sha512-YZo3K82SD7Riyi0E1EQPojLz7kpepnSQI9IyPbHHg1XXXevb5dJI7tpyN2ADxGcQbHG7vcyRHk0cbwqcQriUtg==

scryptsy@^2.1.0:
  version "2.1.0"
  resolved "https://registry.yarnpkg.com/scryptsy/-/scryptsy-2.1.0.tgz#8d1e8d0c025b58fdd25b6fa9a0dc905ee8faa790"
  integrity sha512-1CdSqHQowJBnMAFyPEBRfqag/YP9OF394FV+4YREIJX4ljD7OxvQRDayyoyyCk+senRjSkP6VnUNQmVQqB6g7w==

secp256k1@^4.0.0:
  version "4.0.2"
  resolved "https://registry.yarnpkg.com/secp256k1/-/secp256k1-4.0.2.tgz#15dd57d0f0b9fdb54ac1fa1694f40e5e9a54f4a1"
  integrity sha512-UDar4sKvWAksIlfX3xIaQReADn+WFnHvbVujpcbr+9Sf/69odMwy2MUsz5CKLQgX9nsIyrjuxL2imVyoNHa3fg==
  dependencies:
    elliptic "^6.5.2"
    node-addon-api "^2.0.0"
    node-gyp-build "^4.2.0"

set-blocking@^2.0.0:
  version "2.0.0"
  resolved "https://registry.yarnpkg.com/set-blocking/-/set-blocking-2.0.0.tgz#045f9782d011ae9a6803ddd382b24392b3d890f7"
  integrity sha1-BF+XgtARrppoA93TgrJDkrPYkPc=

sha.js@^2.4.0:
  version "2.4.11"
  resolved "https://registry.yarnpkg.com/sha.js/-/sha.js-2.4.11.tgz#37a5cf0b81ecbc6943de109ba2960d1b26584ae7"
  integrity sha512-QMEp5B7cftE7APOjk5Y6xgrbWu+WkLVQwk8JNjZ8nKRciZaByEW6MubieAiToS7+dwvrjGhH8jRXz3MVd0AYqQ==
  dependencies:
    inherits "^2.0.1"
    safe-buffer "^5.0.1"

string-width@^4.1.0, string-width@^4.2.0:
  version "4.2.3"
  resolved "https://registry.yarnpkg.com/string-width/-/string-width-4.2.3.tgz#269c7117d27b05ad2e536830a8ec895ef9c6d010"
  integrity sha512-wKyQRQpjJ0sIp62ErSZdGsjMJWsap5oRNihHhu6G7JVO/9jIB6UyevL+tXuOqrng8j/cxKTWyWUwvSTriiZz/g==
  dependencies:
    emoji-regex "^8.0.0"
    is-fullwidth-code-point "^3.0.0"
    strip-ansi "^6.0.1"

string_decoder@^1.1.1:
  version "1.3.0"
  resolved "https://registry.yarnpkg.com/string_decoder/-/string_decoder-1.3.0.tgz#42f114594a46cf1a8e30b0a84f56c78c3edac21e"
  integrity sha512-hkRX8U1WjJFd8LsDJ2yQ/wWWxaopEsABU1XfkM8A+j0+85JAGppt16cr1Whg6KIbb4okU6Mql6BOj+uup/wKeA==
  dependencies:
    safe-buffer "~5.2.0"

strip-ansi@^6.0.0, strip-ansi@^6.0.1:
  version "6.0.1"
  resolved "https://registry.yarnpkg.com/strip-ansi/-/strip-ansi-6.0.1.tgz#9e26c63d30f53443e9489495b2105d37b67a85d9"
  integrity sha512-Y38VPSHcqkFrCpFnQ9vuSXmquuv5oXOKpGeT6aGrr3o3Gc9AlVa6JBfUSOCnbxGGZF+/0ooI7KrPuUSztUdU5A==
  dependencies:
    ansi-regex "^5.0.1"

tr46@~0.0.3:
  version "0.0.3"
  resolved "https://registry.yarnpkg.com/tr46/-/tr46-0.0.3.tgz#8184fd347dac9cdc185992f3a6622e14b9d9ab6a"
  integrity sha1-gYT9NH2snNwYWZLzpmIuFLnZq2o=

tslib@~2.1.0:
  version "2.1.0"
  resolved "https://registry.yarnpkg.com/tslib/-/tslib-2.1.0.tgz#da60860f1c2ecaa5703ab7d39bc05b6bf988b97a"
  integrity sha512-hcVC3wYEziELGGmEEXue7D75zbwIIVUMWAVbHItGPx0ziyXxrOMQx4rQEVEV45Ut/1IotuEvwqPopzIOkDMf0A==

tweetnacl@1.x.x, tweetnacl@^1.0.3:
  version "1.0.3"
  resolved "https://registry.yarnpkg.com/tweetnacl/-/tweetnacl-1.0.3.tgz#ac0af71680458d8a6378d0d0d050ab1407d35596"
  integrity sha512-6rt+RN7aOi1nGMyC4Xa5DdYiukl2UWCbcJft7YhxReBGQD7OAM8Pbxw6YMo4r2diNEA8FEmu32YOn9rhaiE5yw==

type@^1.0.1:
  version "1.2.0"
  resolved "https://registry.yarnpkg.com/type/-/type-1.2.0.tgz#848dd7698dafa3e54a6c479e759c4bc3f18847a0"
  integrity sha512-+5nt5AAniqsCnu2cEQQdpzCAh33kVx8n0VoFidKpB1dVVLAN/F+bgVOqOJqOnEnrhp222clB5p3vUlD+1QAnfg==

type@^2.5.0:
  version "2.5.0"
  resolved "https://registry.yarnpkg.com/type/-/type-2.5.0.tgz#0a2e78c2e77907b252abe5f298c1b01c63f0db3d"
  integrity sha512-180WMDQaIMm3+7hGXWf12GtdniDEy7nYcyFMKJn/eZz/6tSLXrUN9V0wKSbMjej0I1WHWbpREDEKHtqPQa9NNw==

typedarray-to-buffer@^3.1.5:
  version "3.1.5"
  resolved "https://registry.yarnpkg.com/typedarray-to-buffer/-/typedarray-to-buffer-3.1.5.tgz#a97ee7a9ff42691b9f783ff1bc5112fe3fca9080"
  integrity sha512-zdu8XMNEDepKKR+XYOXAVPtWui0ly0NtohUscw+UmaHiAWT8hrV1rr//H6V+0DvJ3OQ19S979M0laLfX8rm82Q==
  dependencies:
    is-typedarray "^1.0.0"

typescript@^4.1.5:
  version "4.4.3"
  resolved "https://registry.yarnpkg.com/typescript/-/typescript-4.4.3.tgz#bdc5407caa2b109efd4f82fe130656f977a29324"
  integrity sha512-4xfscpisVgqqDfPaJo5vkd+Qd/ItkoagnHpufr+i2QCHBsNYp+G7UAoyFl8aPtx879u38wPV65rZ8qbGZijalA==

uint8arrays@^3.0.0:
  version "3.0.0"
  resolved "https://registry.yarnpkg.com/uint8arrays/-/uint8arrays-3.0.0.tgz#260869efb8422418b6f04e3fac73a3908175c63b"
  integrity sha512-HRCx0q6O9Bfbp+HHSfQQKD7wU70+lydKVt4EghkdOvlK/NlrF90z+eXV34mUd48rNvVJXwkrMSPpCATkct8fJA==
  dependencies:
    multiformats "^9.4.2"

ursa-optional@^0.10.1:
  version "0.10.2"
  resolved "https://registry.yarnpkg.com/ursa-optional/-/ursa-optional-0.10.2.tgz#bd74e7d60289c22ac2a69a3c8dea5eb2817f9681"
  integrity sha512-TKdwuLboBn7M34RcvVTuQyhvrA8gYKapuVdm0nBP0mnBc7oECOfUQZrY91cefL3/nm64ZyrejSRrhTVdX7NG/A==
  dependencies:
    bindings "^1.5.0"
    nan "^2.14.2"

utf-8-validate@^5.0.2:
  version "5.0.6"
  resolved "https://registry.yarnpkg.com/utf-8-validate/-/utf-8-validate-5.0.6.tgz#e1b3e0a5cc8648a3b44c1799fbb170d1aaaffe80"
  integrity sha512-hoY0gOf9EkCw+nimK21FVKHUIG1BMqSiRwxB/q3A9yKZOrOI99PP77BxmarDqWz6rG3vVYiBWfhG8z2Tl+7fZA==
  dependencies:
    node-gyp-build "^4.2.0"

util-deprecate@^1.0.1:
  version "1.0.2"
  resolved "https://registry.yarnpkg.com/util-deprecate/-/util-deprecate-1.0.2.tgz#450d4dc9fa70de732762fbd2d4a28981419a0ccf"
  integrity sha1-RQ1Nyfpw3nMnYvvS1KKJgUGaDM8=

webidl-conversions@^3.0.0:
  version "3.0.1"
  resolved "https://registry.yarnpkg.com/webidl-conversions/-/webidl-conversions-3.0.1.tgz#24534275e2a7bc6be7bc86611cc16ae0a5654871"
  integrity sha1-JFNCdeKnvGvnvIZhHMFq4KVlSHE=

websocket@^1.0.34:
  version "1.0.34"
  resolved "https://registry.yarnpkg.com/websocket/-/websocket-1.0.34.tgz#2bdc2602c08bf2c82253b730655c0ef7dcab3111"
  integrity sha512-PRDso2sGwF6kM75QykIesBijKSVceR6jL2G8NGYyq2XrItNC2P5/qL5XeR056GhA+Ly7JMFvJb9I312mJfmqnQ==
  dependencies:
    bufferutil "^4.0.1"
    debug "^2.2.0"
    es5-ext "^0.10.50"
    typedarray-to-buffer "^3.1.5"
    utf-8-validate "^5.0.2"
    yaeti "^0.0.6"

whatwg-url@^5.0.0:
  version "5.0.0"
  resolved "https://registry.yarnpkg.com/whatwg-url/-/whatwg-url-5.0.0.tgz#966454e8765462e37644d3626f6742ce8b70965d"
  integrity sha1-lmRU6HZUYuN2RNNib2dCzotwll0=
  dependencies:
    tr46 "~0.0.3"
    webidl-conversions "^3.0.0"

which-module@^2.0.0:
  version "2.0.0"
  resolved "https://registry.yarnpkg.com/which-module/-/which-module-2.0.0.tgz#d9ef07dce77b9902b8a3a8fa4b31c3e3f7e6e87a"
  integrity sha1-2e8H3Od7mQK4o6j6SzHD4/fm6Ho=

wrap-ansi@^6.2.0:
  version "6.2.0"
  resolved "https://registry.yarnpkg.com/wrap-ansi/-/wrap-ansi-6.2.0.tgz#e9393ba07102e6c91a3b221478f0257cd2856e53"
  integrity sha512-r6lPcBGxZXlIcymEu7InxDMhdW0KDxpLgoFLcguasxCaJ/SOIZwINatK9KY/tf+ZrlywOKU0UDj3ATXUBfxJXA==
  dependencies:
    ansi-styles "^4.0.0"
    string-width "^4.1.0"
    strip-ansi "^6.0.0"

xxhashjs@^0.2.2:
  version "0.2.2"
  resolved "https://registry.yarnpkg.com/xxhashjs/-/xxhashjs-0.2.2.tgz#8a6251567621a1c46a5ae204da0249c7f8caa9d8"
  integrity sha512-AkTuIuVTET12tpsVIQo+ZU6f/qDmKuRUcjaqR+OIvm+aCBsZ95i7UVY5WJ9TMsSaZ0DA2WxoZ4acu0sPH+OKAw==
  dependencies:
    cuint "^0.2.2"

y18n@^4.0.0:
  version "4.0.3"
  resolved "https://registry.yarnpkg.com/y18n/-/y18n-4.0.3.tgz#b5f259c82cd6e336921efd7bfd8bf560de9eeedf"
  integrity sha512-JKhqTOwSrqNA1NY5lSztJ1GrBiUodLMmIZuLiDaMRJ+itFd+ABVE8XBjOvIWL+rSqNDC74LCSFmlb/U4UZ4hJQ==

yaeti@^0.0.6:
  version "0.0.6"
  resolved "https://registry.yarnpkg.com/yaeti/-/yaeti-0.0.6.tgz#f26f484d72684cf42bedfb76970aa1608fbf9577"
  integrity sha1-8m9ITXJoTPQr7ft2lwqhYI+/lXc=

yargs-parser@^18.1.2:
  version "18.1.3"
  resolved "https://registry.yarnpkg.com/yargs-parser/-/yargs-parser-18.1.3.tgz#be68c4975c6b2abf469236b0c870362fab09a7b0"
  integrity sha512-o50j0JeToy/4K6OZcaQmW6lyXXKhq7csREXcDwk2omFPJEwUNOVtJKvmDr9EI1fAJZUyZcRF7kxGBWmRXudrCQ==
  dependencies:
    camelcase "^5.0.0"
    decamelize "^1.2.0"

yargs@^15.4.1:
  version "15.4.1"
  resolved "https://registry.yarnpkg.com/yargs/-/yargs-15.4.1.tgz#0d87a16de01aee9d8bec2bfbf74f67851730f4f8"
  integrity sha512-aePbxDmcYW++PaqBsJ+HYUFwCdv4LVvdnhBy78E57PIor8/OVvhMrADFFEDh8DHDFRv/O9i3lPhsENjO7QX0+A==
  dependencies:
    cliui "^6.0.0"
    decamelize "^1.2.0"
    find-up "^4.1.0"
    get-caller-file "^2.0.1"
    require-directory "^2.1.1"
    require-main-filename "^2.0.0"
    set-blocking "^2.0.0"
    string-width "^4.2.0"
    which-module "^2.0.0"
    y18n "^4.0.0"
    yargs-parser "^18.1.2"
